
Microsoft Visual Studio Solution File, Format Version 12.00
# Visual Studio Version 16
VisualStudioVersion = 16.0.31229.75
MinimumVisualStudioVersion = 10.0.40219.1
Project("{FAE04EC0-301F-11D3-BF4B-00C04F79EFBC}") = "Entities", "Entities\Entities.csproj", "{CAB58C37-4778-4ADC-AA5C-0EB6613A1C88}"
EndProject
Project("{FAE04EC0-301F-11D3-BF4B-00C04F79EFBC}") = "DataAccess", "DataAccess\DataAccess.csproj", "{3C5DBF92-7D02-4DC8-954F-01F1E88371BA}"
EndProject
Project("{FAE04EC0-301F-11D3-BF4B-00C04F79EFBC}") = "Business", "Business\Business.csproj", "{ED3D2A17-974E-45D8-95E9-536AC4E42D77}"
EndProject
Project("{FAE04EC0-301F-11D3-BF4B-00C04F79EFBC}") = "Console", "Console\Console.csproj", "{2C5B4721-B2C8-4E10-AF45-83B0985B3553}"
EndProject
Global
	GlobalSection(SolutionConfigurationPlatforms) = preSolution
		Debug|Any CPU = Debug|Any CPU
		Release|Any CPU = Release|Any CPU
	EndGlobalSection
	GlobalSection(ProjectConfigurationPlatforms) = postSolution
		{CAB58C37-4778-4ADC-AA5C-0EB6613A1C88}.Debug|Any CPU.ActiveCfg = Debug|Any CPU
		{CAB58C37-4778-4ADC-AA5C-0EB6613A1C88}.Debug|Any CPU.Build.0 = Debug|Any CPU
		{CAB58C37-4778-4ADC-AA5C-0EB6613A1C88}.Release|Any CPU.ActiveCfg = Release|Any CPU
		{CAB58C37-4778-4ADC-AA5C-0EB6613A1C88}.Release|Any CPU.Build.0 = Release|Any CPU
		{3C5DBF92-7D02-4DC8-954F-01F1E88371BA}.Debug|Any CPU.ActiveCfg = Debug|Any CPU
		{3C5DBF92-7D02-4DC8-954F-01F1E88371BA}.Debug|Any CPU.Build.0 = Debug|Any CPU
		{3C5DBF92-7D02-4DC8-954F-01F1E88371BA}.Release|Any CPU.ActiveCfg = Release|Any CPU
		{3C5DBF92-7D02-4DC8-954F-01F1E88371BA}.Release|Any CPU.Build.0 = Release|Any CPU
		{ED3D2A17-974E-45D8-95E9-536AC4E42D77}.Debug|Any CPU.ActiveCfg = Debug|Any CPU
		{ED3D2A17-974E-45D8-95E9-536AC4E42D77}.Debug|Any CPU.Build.0 = Debug|Any CPU
		{ED3D2A17-974E-45D8-95E9-536AC4E42D77}.Release|Any CPU.ActiveCfg = Release|Any CPU
		{ED3D2A17-974E-45D8-95E9-536AC4E42D77}.Release|Any CPU.Build.0 = Release|Any CPU
		{2C5B4721-B2C8-4E10-AF45-83B0985B3553}.Debug|Any CPU.ActiveCfg = Debug|Any CPU
		{2C5B4721-B2C8-4E10-AF45-83B0985B3553}.Debug|Any CPU.Build.0 = Debug|Any CPU
		{2C5B4721-B2C8-4E10-AF45-83B0985B3553}.Release|Any CPU.ActiveCfg = Release|Any CPU
		{2C5B4721-B2C8-4E10-AF45-83B0985B3553}.Release|Any CPU.Build.0 = Release|Any CPU
	EndGlobalSection
	GlobalSection(SolutionProperties) = preSolution
		HideSolutionNode = FALSE
	EndGlobalSection
	GlobalSection(ExtensibilityGlobals) = postSolution
		SolutionGuid = {E7441184-41A9-45B1-9544-5A76ECB5D330}
	EndGlobalSection
EndGlobal
